
Microsoft Visual Studio Solution File, Format Version 12.00
# Visual Studio 15
VisualStudioVersion = 15.0.26730.15
MinimumVisualStudioVersion = 10.0.40219.1
Project("{FAE04EC0-301F-11D3-BF4B-00C04F79EFBC}") = "Scrumer", "Scrumer\Scrumer.csproj", "{3C1FD410-E730-4DF4-8866-13EBD62F768C}"
EndProject
Global
	GlobalSection(SolutionConfigurationPlatforms) = preSolution
		Debug|Any CPU = Debug|Any CPU
		Release|Any CPU = Release|Any CPU
	EndGlobalSection
	GlobalSection(ProjectConfigurationPlatforms) = postSolution
		{3C1FD410-E730-4DF4-8866-13EBD62F768C}.Debug|Any CPU.ActiveCfg = Debug|Any CPU
		{3C1FD410-E730-4DF4-8866-13EBD62F768C}.Debug|Any CPU.Build.0 = Debug|Any CPU
		{3C1FD410-E730-4DF4-8866-13EBD62F768C}.Release|Any CPU.ActiveCfg = Release|Any CPU
		{3C1FD410-E730-4DF4-8866-13EBD62F768C}.Release|Any CPU.Build.0 = Release|Any CPU
	EndGlobalSection
	GlobalSection(SolutionProperties) = preSolution
		HideSolutionNode = FALSE
	EndGlobalSection
	GlobalSection(ExtensibilityGlobals) = postSolution
		SolutionGuid = {05275EF1-D49D-4CCA-820E-6249571B28CD}
	EndGlobalSection
EndGlobal
